
Microsoft Visual Studio Solution File, Format Version 12.00
# Visual Studio Version 16
VisualStudioVersion = 16.0.29403.142
MinimumVisualStudioVersion = 10.0.40219.1
Project("{9A19103F-16F7-4668-BE54-9A1E7A4F7556}") = "HTMLParser", "HTMLParser.csproj", "{A84B6F11-91DC-4A29-943A-56597F5E2EB5}"
EndProject
Global
	GlobalSection(SolutionConfigurationPlatforms) = preSolution
		Debug|Any CPU = Debug|Any CPU
		Release|Any CPU = Release|Any CPU
	EndGlobalSection
	GlobalSection(ProjectConfigurationPlatforms) = postSolution
		{A84B6F11-91DC-4A29-943A-56597F5E2EB5}.Debug|Any CPU.ActiveCfg = Debug|Any CPU
		{A84B6F11-91DC-4A29-943A-56597F5E2EB5}.Debug|Any CPU.Build.0 = Debug|Any CPU
		{A84B6F11-91DC-4A29-943A-56597F5E2EB5}.Release|Any CPU.ActiveCfg = Release|Any CPU
		{A84B6F11-91DC-4A29-943A-56597F5E2EB5}.Release|Any CPU.Build.0 = Release|Any CPU
	EndGlobalSection
	GlobalSection(SolutionProperties) = preSolution
		HideSolutionNode = FALSE
	EndGlobalSection
	GlobalSection(ExtensibilityGlobals) = postSolution
		SolutionGuid = {20171DF5-665C-4A4A-8E1D-2C197807C5CD}
	EndGlobalSection
EndGlobal
